{
  "name": "learnnode",
  "version": "1.0.0",
  "lockfileVersion": 2,
  "requires": true,
  "packages": {
    "": {
      "name": "learnnode",
      "version": "1.0.0",
      "license": "ISC",
      "dependencies": {
        "bootstrap": "^5.2.1",
        "lodash": "^4.17.21"
      }
    },
    "node_modules/bootstrap": {
      "version": "5.2.1",
      "resolved": "https://registry.npmjs.org/bootstrap/-/bootstrap-5.2.1.tgz",
      "integrity": "sha512-UQi3v2NpVPEi1n35dmRRzBJFlgvWHYwyem6yHhuT6afYF+sziEt46McRbT//kVXZ7b1YUYEVGdXEH74Nx3xzGA==",
      "funding": [
        {
          "type": "github",
          "url": "https://github.com/sponsors/twbs"
        },
        {
          "type": "opencollective",
          "url": "https://opencollective.com/bootstrap"
        }
      ],
      "peerDependencies": {
        "@popperjs/core": "^2.11.6"
      }
    },
    "node_modules/lodash": {
      "version": "4.17.21",
      "resolved": "https://registry.npmjs.org/lodash/-/lodash-4.17.21.tgz",
      "integrity": "sha512-v2kDEe57lecTulaDIuNTPy3Ry4gLGJ6Z1O3vE1krgXZNrsQ+LFTGHVxVjcXPs17LhbZVGedAJv8XZ1tvj5FvSg=="
    }
  },
  "dependencies": {
    "bootstrap": {
      "version": "5.2.1",
      "resolved": "https://registry.npmjs.org/bootstrap/-/bootstrap-5.2.1.tgz",
      "integrity": "sha512-UQi3v2NpVPEi1n35dmRRzBJFlgvWHYwyem6yHhuT6afYF+sziEt46McRbT//kVXZ7b1YUYEVGdXEH74Nx3xzGA=="
    },
    "lodash": {
      "version": "4.17.21",
      "resolved": "https://registry.npmjs.org/lodash/-/lodash-4.17.21.tgz",
      "integrity": "sha512-v2kDEe57lecTulaDIuNTPy3Ry4gLGJ6Z1O3vE1krgXZNrsQ+LFTGHVxVjcXPs17LhbZVGedAJv8XZ1tvj5FvSg=="
    }
  }
}
